
Microsoft Visual Studio Solution File, Format Version 12.00
# Visual Studio Version 16
VisualStudioVersion = 16.0.31112.23
MinimumVisualStudioVersion = 10.0.40219.1
Project("{FAE04EC0-301F-11D3-BF4B-00C04F79EFBC}") = "ByteBank", "ByteBank\ByteBank.csproj", "{C60C3395-378E-4B84-A5C9-2F9D46B1EF61}"
EndProject
Global
	GlobalSection(SolutionConfigurationPlatforms) = preSolution
		Debug|Any CPU = Debug|Any CPU
		Release|Any CPU = Release|Any CPU
	EndGlobalSection
	GlobalSection(ProjectConfigurationPlatforms) = postSolution
		{C60C3395-378E-4B84-A5C9-2F9D46B1EF61}.Debug|Any CPU.ActiveCfg = Debug|Any CPU
		{C60C3395-378E-4B84-A5C9-2F9D46B1EF61}.Debug|Any CPU.Build.0 = Debug|Any CPU
		{C60C3395-378E-4B84-A5C9-2F9D46B1EF61}.Release|Any CPU.ActiveCfg = Release|Any CPU
		{C60C3395-378E-4B84-A5C9-2F9D46B1EF61}.Release|Any CPU.Build.0 = Release|Any CPU
	EndGlobalSection
	GlobalSection(SolutionProperties) = preSolution
		HideSolutionNode = FALSE
	EndGlobalSection
	GlobalSection(ExtensibilityGlobals) = postSolution
		SolutionGuid = {DC2AFC1B-2FE8-4AFC-9F03-25845C046ED1}
	EndGlobalSection
EndGlobal
